
Microsoft Visual Studio Solution File, Format Version 12.00
# Visual Studio Version 16
VisualStudioVersion = 16.0.32901.82
MinimumVisualStudioVersion = 10.0.40219.1
Project("{8BC9CEB8-8B4A-11D0-8D11-00A0C91BC942}") = "Render_Engine", "Render_Engine\Render_Engine.vcxproj", "{4BF37DF9-1F1A-486F-8ACE-356B9420C88F}"
EndProject
Project("{8BC9CEB8-8B4A-11D0-8D11-00A0C91BC942}") = "Phycics_Engine", "Phycics_Engine\Phycics_Engine.vcxproj", "{814A0A53-EECC-4520-A591-4E0FDEEA138F}"
EndProject
Project("{8BC9CEB8-8B4A-11D0-8D11-00A0C91BC942}") = "main", "main\main.vcxproj", "{7A96DA96-F137-4758-8967-FA5767A14223}"
	ProjectSection(ProjectDependencies) = postProject
		{814A0A53-EECC-4520-A591-4E0FDEEA138F} = {814A0A53-EECC-4520-A591-4E0FDEEA138F}
		{4BF37DF9-1F1A-486F-8ACE-356B9420C88F} = {4BF37DF9-1F1A-486F-8ACE-356B9420C88F}
	EndProjectSection
EndProject
Global
	GlobalSection(SolutionConfigurationPlatforms) = preSolution
		Debug|x64 = Debug|x64
		Debug|x86 = Debug|x86
		Release|x64 = Release|x64
		Release|x86 = Release|x86
	EndGlobalSection
	GlobalSection(ProjectConfigurationPlatforms) = postSolution
		{4BF37DF9-1F1A-486F-8ACE-356B9420C88F}.Debug|x64.ActiveCfg = Debug|x64
		{4BF37DF9-1F1A-486F-8ACE-356B9420C88F}.Debug|x64.Build.0 = Debug|x64
		{4BF37DF9-1F1A-486F-8ACE-356B9420C88F}.Debug|x86.ActiveCfg = Debug|Win32
		{4BF37DF9-1F1A-486F-8ACE-356B9420C88F}.Debug|x86.Build.0 = Debug|Win32
		{4BF37DF9-1F1A-486F-8ACE-356B9420C88F}.Release|x64.ActiveCfg = Release|x64
		{4BF37DF9-1F1A-486F-8ACE-356B9420C88F}.Release|x64.Build.0 = Release|x64
		{4BF37DF9-1F1A-486F-8ACE-356B9420C88F}.Release|x86.ActiveCfg = Release|Win32
		{4BF37DF9-1F1A-486F-8ACE-356B9420C88F}.Release|x86.Build.0 = Release|Win32
		{814A0A53-EECC-4520-A591-4E0FDEEA138F}.Debug|x64.ActiveCfg = Debug|x64
		{814A0A53-EECC-4520-A591-4E0FDEEA138F}.Debug|x64.Build.0 = Debug|x64
		{814A0A53-EECC-4520-A591-4E0FDEEA138F}.Debug|x86.ActiveCfg = Debug|Win32
		{814A0A53-EECC-4520-A591-4E0FDEEA138F}.Debug|x86.Build.0 = Debug|Win32
		{814A0A53-EECC-4520-A591-4E0FDEEA138F}.Release|x64.ActiveCfg = Release|x64
		{814A0A53-EECC-4520-A591-4E0FDEEA138F}.Release|x64.Build.0 = Release|x64
		{814A0A53-EECC-4520-A591-4E0FDEEA138F}.Release|x86.ActiveCfg = Release|Win32
		{814A0A53-EECC-4520-A591-4E0FDEEA138F}.Release|x86.Build.0 = Release|Win32
		{7A96DA96-F137-4758-8967-FA5767A14223}.Debug|x64.ActiveCfg = Debug|x64
		{7A96DA96-F137-4758-8967-FA5767A14223}.Debug|x64.Build.0 = Debug|x64
		{7A96DA96-F137-4758-8967-FA5767A14223}.Debug|x86.ActiveCfg = Debug|Win32
		{7A96DA96-F137-4758-8967-FA5767A14223}.Debug|x86.Build.0 = Debug|Win32
		{7A96DA96-F137-4758-8967-FA5767A14223}.Release|x64.ActiveCfg = Release|x64
		{7A96DA96-F137-4758-8967-FA5767A14223}.Release|x64.Build.0 = Release|x64
		{7A96DA96-F137-4758-8967-FA5767A14223}.Release|x86.ActiveCfg = Release|Win32
		{7A96DA96-F137-4758-8967-FA5767A14223}.Release|x86.Build.0 = Release|Win32
	EndGlobalSection
	GlobalSection(SolutionProperties) = preSolution
		HideSolutionNode = FALSE
	EndGlobalSection
	GlobalSection(ExtensibilityGlobals) = postSolution
		SolutionGuid = {65E7221D-FFEF-4F07-BE6C-9712516604FC}
	EndGlobalSection
EndGlobal
